
Microsoft Visual Studio Solution File, Format Version 12.00
# Visual Studio Version 16
VisualStudioVersion = 16.0.30907.101
MinimumVisualStudioVersion = 10.0.40219.1
Project("{FAE04EC0-301F-11D3-BF4B-00C04F79EFBC}") = "Lab2(4)", "Lab2(2)\Lab2(4).csproj", "{FCB6B883-9908-4E3C-8B43-A6D9096C5CDA}"
EndProject
Global
	GlobalSection(SolutionConfigurationPlatforms) = preSolution
		Debug|Any CPU = Debug|Any CPU
		Release|Any CPU = Release|Any CPU
	EndGlobalSection
	GlobalSection(ProjectConfigurationPlatforms) = postSolution
		{FCB6B883-9908-4E3C-8B43-A6D9096C5CDA}.Debug|Any CPU.ActiveCfg = Debug|Any CPU
		{FCB6B883-9908-4E3C-8B43-A6D9096C5CDA}.Debug|Any CPU.Build.0 = Debug|Any CPU
		{FCB6B883-9908-4E3C-8B43-A6D9096C5CDA}.Release|Any CPU.ActiveCfg = Release|Any CPU
		{FCB6B883-9908-4E3C-8B43-A6D9096C5CDA}.Release|Any CPU.Build.0 = Release|Any CPU
	EndGlobalSection
	GlobalSection(SolutionProperties) = preSolution
		HideSolutionNode = FALSE
	EndGlobalSection
	GlobalSection(ExtensibilityGlobals) = postSolution
		SolutionGuid = {82386C26-740F-4D54-8623-3D506413AFB4}
	EndGlobalSection
EndGlobal
