
Microsoft Visual Studio Solution File, Format Version 12.00
# Visual Studio Version 16
VisualStudioVersion = 16.0.30907.101
MinimumVisualStudioVersion = 10.0.40219.1
Project("{FAE04EC0-301F-11D3-BF4B-00C04F79EFBC}") = "Lab 3 Student", "Lab 3 Student\Lab 3 Student.csproj", "{B72E3045-0998-46A7-B07D-9A0C9917A4E7}"
EndProject
Global
	GlobalSection(SolutionConfigurationPlatforms) = preSolution
		Debug|Any CPU = Debug|Any CPU
		Release|Any CPU = Release|Any CPU
	EndGlobalSection
	GlobalSection(ProjectConfigurationPlatforms) = postSolution
		{B72E3045-0998-46A7-B07D-9A0C9917A4E7}.Debug|Any CPU.ActiveCfg = Debug|Any CPU
		{B72E3045-0998-46A7-B07D-9A0C9917A4E7}.Debug|Any CPU.Build.0 = Debug|Any CPU
		{B72E3045-0998-46A7-B07D-9A0C9917A4E7}.Release|Any CPU.ActiveCfg = Release|Any CPU
		{B72E3045-0998-46A7-B07D-9A0C9917A4E7}.Release|Any CPU.Build.0 = Release|Any CPU
	EndGlobalSection
	GlobalSection(SolutionProperties) = preSolution
		HideSolutionNode = FALSE
	EndGlobalSection
	GlobalSection(ExtensibilityGlobals) = postSolution
		SolutionGuid = {BA722C27-66E8-42AF-ADCE-83F33F71BB57}
	EndGlobalSection
EndGlobal
