
Microsoft Visual Studio Solution File, Format Version 12.00
# Visual Studio Version 16
VisualStudioVersion = 16.0.30907.101
MinimumVisualStudioVersion = 10.0.40219.1
Project("{FAE04EC0-301F-11D3-BF4B-00C04F79EFBC}") = "Lab 2(8)", "Lab 2(8)\Lab 2(8).csproj", "{850CC760-2E61-4368-859C-46111D4365BB}"
EndProject
Global
	GlobalSection(SolutionConfigurationPlatforms) = preSolution
		Debug|Any CPU = Debug|Any CPU
		Release|Any CPU = Release|Any CPU
	EndGlobalSection
	GlobalSection(ProjectConfigurationPlatforms) = postSolution
		{850CC760-2E61-4368-859C-46111D4365BB}.Debug|Any CPU.ActiveCfg = Debug|Any CPU
		{850CC760-2E61-4368-859C-46111D4365BB}.Debug|Any CPU.Build.0 = Debug|Any CPU
		{850CC760-2E61-4368-859C-46111D4365BB}.Release|Any CPU.ActiveCfg = Release|Any CPU
		{850CC760-2E61-4368-859C-46111D4365BB}.Release|Any CPU.Build.0 = Release|Any CPU
	EndGlobalSection
	GlobalSection(SolutionProperties) = preSolution
		HideSolutionNode = FALSE
	EndGlobalSection
	GlobalSection(ExtensibilityGlobals) = postSolution
		SolutionGuid = {B0620DEC-C9CA-40A1-85E8-EF4F5637B23D}
	EndGlobalSection
EndGlobal
